github.com/KarpelesLab/echeck v0.1.3 h1:5h5jrBiQpuj80oExLCisZxdVh/ibhf5Cn5YvPkSXaMI=
github.com/KarpelesLab/echeck v0.1.3/go.mod h1:kAOGjbDU11UBGWHxk2ixn0PLMamN3vG6Dvh1yy96ZSk=
github.com/KarpelesLab/pjson v0.1.9 h1:JVmm61sLRVb+5YkUDacgM1FlB9CTOsCUhEvF+OzUMf0=
github.com/KarpelesLab/pjson v0.1.9/go.mod h1:gb4uSTld7I2kO2WvLdat1mN1brsS1hzSR+dWw1hL3iU=
github.com/KarpelesLab/rest v0.6.4 h1:Q2tFAiziTFz1rgzVUQETdb80PmUbMytsg6vf0YTuIRI=
github.com/KarpelesLab/rest v0.6.4/go.mod h1:rhLtP2T+hYHfOAUIDvxTzGyMj8iWtvus+Nb1IhSJFAg=
github.com/KarpelesLab/slirp v0.1.2 h1:TVlhrsrVpPf1PPNqAJEiT0HqKdDfm0RVe5euZUxDeAg=
github.com/KarpelesLab/slirp v0.1.2/go.mod h1:Bx4091Q1WaKMUmWMIY0K/6V7fkASTLPQUBqg/HXny/c=
github.com/KarpelesLab/slirp v0.1.3 h1:rtwQmK3ZwNDCuzryfvGWWEg+75nchXDPahc0Ps+AkhU=
github.com/KarpelesLab/slirp v0.1.3/go.mod h1:Bx4091Q1WaKMUmWMIY0K/6V7fkASTLPQUBqg/HXny/c=
github.com/KarpelesLab/typutil v0.2.29 h1:lyo+5MAVOxDbZrTeotrhhLY6jfN+CwVrMm8ms/ZYsQc=
github.com/KarpelesLab/typutil v0.2.29/go.mod h1:AAFzwyeM5datR6N5pGy8VrihZacfVS4ktC+AKp3VIrQ=
github.com/KarpelesLab/webutil v0.2.2 h1:FsUwiLAjMDZj9zaSL4hzg2SWgJa9tQzM1A1w15RAGHw=
github.com/KarpelesLab/webutil v0.2.2/go.mod h1:AKTsmoimqwSdJHtZzBnvxcjQv3lgyw/GVJFVyXaDilU=
github.com/google/uuid v1.6.0 h1:NIvaJDMOsjHA8n1jAhLSgzrAzy1Hgr+hNrb57e+94F0=
github.com/google/uuid v1.6.0/go.mod h1:TIyPZe4MgqvfeYDBFedMoGGpEw/LqOeaOT+nhxU+yHo=
github.com/vpdotnet/wgnet v0.1.4 h1:GgTDE+e5Z72nvJuD2Nu2aN9Ou3FgFJLYk2W0+xC60Tk=
github.com/vpdotnet/wgnet v0.1.4/go.mod h1:akwnlikZ665hnIjaEeWJ2ceGUX5VqsUuZnwspKzGqXc=
golang.org/x/crypto v0.48.0 h1:/VRzVqiRSggnhY7gNRxPauEQ5Drw9haKdM0jqfcCFts=
golang.org/x/crypto v0.48.0/go.mod h1:r0kV5h3qnFPlQnBSrULhlsRfryS2pmewsg+XfMgkVos=
golang.org/x/sys v0.42.0 h1:omrd2nAlyT5ESRdCLYdm3+fMfNFE/+Rf4bDIQImRJeo=
golang.org/x/sys v0.42.0/go.mod h1:4GL1E5IUh+htKOUEOaiffhrAeqysfVGipDYzABqnCmw=
golang.org/x/term v0.41.0 h1:QCgPso/Q3RTJx2Th4bDLqML4W6iJiaXFq2/ftQF13YU=
golang.org/x/term v0.41.0/go.mod h1:3pfBgksrReYfZ5lvYM0kSO0LIkAl4Yl2bXOkKP7Ec2A=
